// !$*UTF8*$!
{
	archiveVersion = 1;
	classes = {
	};
	objectVersion = 46;
	objects = {

/* Begin PBXBuildFile section */
		B0072F46150912B100C96ADC /* UIKit.framework in Frameworks */ = {isa = PBXBuildFile; fileRef = B0072F45150912B100C96ADC /* UIKit.framework */; };
		B0072F48150912B100C96ADC /* Foundation.framework in Frameworks */ = {isa = PBXBuildFile; fileRef = B0072F47150912B100C96ADC /* Foundation.framework */; };
		B0072F4A150912B100C96ADC /* CoreGraphics.framework in Frameworks */ = {isa = PBXBuildFile; fileRef = B0072F49150912B100C96ADC /* CoreGraphics.framework */; };
		B0072F50150912B100C96ADC /* InfoPlist.strings in Resources */ = {isa = PBXBuildFile; fileRef = B0072F4E150912B100C96ADC /* InfoPlist.strings */; };
		B0072F52150912B100C96ADC /* main.m in Sources */ = {isa = PBXBuildFile; fileRef = B0072F51150912B100C96ADC /* main.m */; };
		B0072F56150912B100C96ADC /* AppDelegate.m in Sources */ = {isa = PBXBuildFile; fileRef = B0072F55150912B100C96ADC /* AppDelegate.m */; };
		B0072F63150912CA00C96ADC /* CoreBluetooth.framework in Frameworks */ = {isa = PBXBuildFile; fileRef = B0072F62150912CA00C96ADC /* CoreBluetooth.framework */; };
		B013711218ED6A8100F35365 /* Main_iPad.storyboard in Resources */ = {isa = PBXBuildFile; fileRef = B013711118ED6A8100F35365 /* Main_iPad.storyboard */; };
		B013711518ED6A9A00F35365 /* Main.storyboard in Resources */ = {isa = PBXBuildFile; fileRef = B013711418ED6A9A00F35365 /* Main.storyboard */; };
		B013711818ED6C2600F35365 /* libFlurry_4.4.0.a in Frameworks */ = {isa = PBXBuildFile; fileRef = B013711718ED6C2600F35365 /* libFlurry_4.4.0.a */; };
		B013711A18ED6C9000F35365 /* SystemConfiguration.framework in Frameworks */ = {isa = PBXBuildFile; fileRef = B013711918ED6C9000F35365 /* SystemConfiguration.framework */; };
		B013711C18ED6C9700F35365 /* Security.framework in Frameworks */ = {isa = PBXBuildFile; fileRef = B013711B18ED6C9700F35365 /* Security.framework */; };
		B013712018ED719900F35365 /* Images.xcassets in Resources */ = {isa = PBXBuildFile; fileRef = B013711F18ED719900F35365 /* Images.xcassets */; };
		B013712518ED889A00F35365 /* bt_icon.png in Resources */ = {isa = PBXBuildFile; fileRef = B013712318ED889A00F35365 /* bt_icon.png */; };
		B013712618ED889A00F35365 /* bt_icon@2x.png in Resources */ = {isa = PBXBuildFile; fileRef = B013712418ED889A00F35365 /* bt_icon@2x.png */; };
		B013712918ED8A5800F35365 /* bt_icon_grey.png in Resources */ = {isa = PBXBuildFile; fileRef = B013712718ED8A5800F35365 /* bt_icon_grey.png */; };
		B013712A18ED8A5800F35365 /* bt_icon_grey@2x.png in Resources */ = {isa = PBXBuildFile; fileRef = B013712818ED8A5800F35365 /* bt_icon_grey@2x.png */; };
		B013712D18EDAF7900F35365 /* BTSplitViewDelegate.m in Sources */ = {isa = PBXBuildFile; fileRef = B013712C18EDAF7900F35365 /* BTSplitViewDelegate.m */; };
		B053F6A41534B46500DD1047 /* DeviceViewController.m in Sources */ = {isa = PBXBuildFile; fileRef = B053F6A21534B46500DD1047 /* DeviceViewController.m */; };
		B053F6A91534B90C00DD1047 /* BTLEDevice.m in Sources */ = {isa = PBXBuildFile; fileRef = B053F6A81534B90C00DD1047 /* BTLEDevice.m */; };
		B09791F51535698500AAD130 /* CharacteristicViewController.m in Sources */ = {isa = PBXBuildFile; fileRef = B09791F31535698500AAD130 /* CharacteristicViewController.m */; };
		B0B5FAE11534A90700701B76 /* ServicesViewController.m in Sources */ = {isa = PBXBuildFile; fileRef = B0B5FAE01534A90700701B76 /* ServicesViewController.m */; };
		B0B5FAE41534A95E00701B76 /* DevicesViewController.m in Sources */ = {isa = PBXBuildFile; fileRef = B0B5FAE31534A95E00701B76 /* DevicesViewController.m */; };
		B0DADADF16545131001C59FA /* characteristics.strings in Resources */ = {isa = PBXBuildFile; fileRef = B0DADADD16545131001C59FA /* characteristics.strings */; };
		B0DADAE016545131001C59FA /* services.strings in Resources */ = {isa = PBXBuildFile; fileRef = B0DADADE16545131001C59FA /* services.strings */; };
		B0DADAE816545585001C59FA /* CBService+Description.m in Sources */ = {isa = PBXBuildFile; fileRef = B0DADAE716545585001C59FA /* CBService+Description.m */; };
		B0DADAF21654594D001C59FA /* CBCharacteristic+Description.m in Sources */ = {isa = PBXBuildFile; fileRef = B0DADAF11654594D001C59FA /* CBCharacteristic+Description.m */; };
/* End PBXBuildFile section */

/* Begin PBXFileReference section */
		B0072F41150912B100C96ADC /* BTLETools.app */ = {isa = PBXFileReference; explicitFileType = wrapper.application; includeInIndex = 0; path = BTLETools.app; sourceTree = BUILT_PRODUCTS_DIR; };
		B0072F45150912B100C96ADC /* UIKit.framework */ = {isa = PBXFileReference; lastKnownFileType = wrapper.framework; name = UIKit.framework; path = System/Library/Frameworks/UIKit.framework; sourceTree = SDKROOT; };
		B0072F47150912B100C96ADC /* Foundation.framework */ = {isa = PBXFileReference; lastKnownFileType = wrapper.framework; name = Foundation.framework; path = System/Library/Frameworks/Foundation.framework; sourceTree = SDKROOT; };
		B0072F49150912B100C96ADC /* CoreGraphics.framework */ = {isa = PBXFileReference; lastKnownFileType = wrapper.framework; name = CoreGraphics.framework; path = System/Library/Frameworks/CoreGraphics.framework; sourceTree = SDKROOT; };
		B0072F4D150912B100C96ADC /* BTLETools-Info.plist */ = {isa = PBXFileReference; lastKnownFileType = text.plist.xml; path = "BTLETools-Info.plist"; sourceTree = "<group>"; };
		B0072F4F150912B100C96ADC /* en */ = {isa = PBXFileReference; lastKnownFileType = text.plist.strings; name = en; path = en.lproj/InfoPlist.strings; sourceTree = "<group>"; };
		B0072F51150912B100C96ADC /* main.m */ = {isa = PBXFileReference; lastKnownFileType = sourcecode.c.objc; path = main.m; sourceTree = "<group>"; };
		B0072F53150912B100C96ADC /* BTLETools-Prefix.pch */ = {isa = PBXFileReference; lastKnownFileType = sourcecode.c.h; path = "BTLETools-Prefix.pch"; sourceTree = "<group>"; };
		B0072F54150912B100C96ADC /* AppDelegate.h */ = {isa = PBXFileReference; lastKnownFileType = sourcecode.c.h; path = AppDelegate.h; sourceTree = "<group>"; };
		B0072F55150912B100C96ADC /* AppDelegate.m */ = {isa = PBXFileReference; lastKnownFileType = sourcecode.c.objc; path = AppDelegate.m; sourceTree = "<group>"; };
		B0072F62150912CA00C96ADC /* CoreBluetooth.framework */ = {isa = PBXFileReference; lastKnownFileType = wrapper.framework; name = CoreBluetooth.framework; path = System/Library/Frameworks/CoreBluetooth.framework; sourceTree = SDKROOT; };
		B013711118ED6A8100F35365 /* Main_iPad.storyboard */ = {isa = PBXFileReference; fileEncoding = 4; lastKnownFileType = file.storyboard; path = Main_iPad.storyboard; sourceTree = "<group>"; };
		B013711418ED6A9A00F35365 /* Main.storyboard */ = {isa = PBXFileReference; fileEncoding = 4; lastKnownFileType = file.storyboard; path = Main.storyboard; sourceTree = "<group>"; };
		B013711618ED6C2600F35365 /* Flurry.h */ = {isa = PBXFileReference; fileEncoding = 4; lastKnownFileType = sourcecode.c.h; path = Flurry.h; sourceTree = "<group>"; };
		B013711718ED6C2600F35365 /* libFlurry_4.4.0.a */ = {isa = PBXFileReference; lastKnownFileType = archive.ar; path = libFlurry_4.4.0.a; sourceTree = "<group>"; };
		B013711918ED6C9000F35365 /* SystemConfiguration.framework */ = {isa = PBXFileReference; lastKnownFileType = wrapper.framework; name = SystemConfiguration.framework; path = System/Library/Frameworks/SystemConfiguration.framework; sourceTree = SDKROOT; };
		B013711B18ED6C9700F35365 /* Security.framework */ = {isa = PBXFileReference; lastKnownFileType = wrapper.framework; name = Security.framework; path = System/Library/Frameworks/Security.framework; sourceTree = SDKROOT; };
		B013711F18ED719900F35365 /* Images.xcassets */ = {isa = PBXFileReference; lastKnownFileType = folder.assetcatalog; path = Images.xcassets; sourceTree = "<group>"; };
		B013712318ED889A00F35365 /* bt_icon.png */ = {isa = PBXFileReference; lastKnownFileType = image.png; name = bt_icon.png; path = Resources/bt_icon.png; sourceTree = "<group>"; };
		B013712418ED889A00F35365 /* bt_icon@2x.png */ = {isa = PBXFileReference; lastKnownFileType = image.png; name = "bt_icon@2x.png"; path = "Resources/bt_icon@2x.png"; sourceTree = "<group>"; };
		B013712718ED8A5800F35365 /* bt_icon_grey.png */ = {isa = PBXFileReference; lastKnownFileType = image.png; name = bt_icon_grey.png; path = Resources/bt_icon_grey.png; sourceTree = "<group>"; };
		B013712818ED8A5800F35365 /* bt_icon_grey@2x.png */ = {isa = PBXFileReference; lastKnownFileType = image.png; name = "bt_icon_grey@2x.png"; path = "Resources/bt_icon_grey@2x.png"; sourceTree = "<group>"; };
		B013712B18EDAF7900F35365 /* BTSplitViewDelegate.h */ = {isa = PBXFileReference; fileEncoding = 4; lastKnownFileType = sourcecode.c.h; path = BTSplitViewDelegate.h; sourceTree = "<group>"; };
		B013712C18EDAF7900F35365 /* BTSplitViewDelegate.m */ = {isa = PBXFileReference; fileEncoding = 4; lastKnownFileType = sourcecode.c.objc; path = BTSplitViewDelegate.m; sourceTree = "<group>"; };
		B013712F18EDB58C00F35365 /* global.h */ = {isa = PBXFileReference; lastKnownFileType = sourcecode.c.h; path = global.h; sourceTree = "<group>"; };
		B053F6A11534B46500DD1047 /* DeviceViewController.h */ = {isa = PBXFileReference; fileEncoding = 4; lastKnownFileType = sourcecode.c.h; path = DeviceViewController.h; sourceTree = "<group>"; };
		B053F6A21534B46500DD1047 /* DeviceViewController.m */ = {isa = PBXFileReference; fileEncoding = 4; lastKnownFileType = sourcecode.c.objc; path = DeviceViewController.m; sourceTree = "<group>"; };
		B053F6A71534B90C00DD1047 /* BTLEDevice.h */ = {isa = PBXFileReference; fileEncoding = 4; lastKnownFileType = sourcecode.c.h; path = BTLEDevice.h; sourceTree = "<group>"; };
		B053F6A81534B90C00DD1047 /* BTLEDevice.m */ = {isa = PBXFileReference; fileEncoding = 4; lastKnownFileType = sourcecode.c.objc; path = BTLEDevice.m; sourceTree = "<group>"; };
		B0542A5C1663596F001A7048 /* CharacteristicDelegate.h */ = {isa = PBXFileReference; lastKnownFileType = sourcecode.c.h; path = CharacteristicDelegate.h; sourceTree = "<group>"; };
		B09791F21535698500AAD130 /* CharacteristicViewController.h */ = {isa = PBXFileReference; fileEncoding = 4; lastKnownFileType = sourcecode.c.h; path = CharacteristicViewController.h; sourceTree = "<group>"; };
		B09791F31535698500AAD130 /* CharacteristicViewController.m */ = {isa = PBXFileReference; fileEncoding = 4; lastKnownFileType = sourcecode.c.objc; path = CharacteristicViewController.m; sourceTree = "<group>"; };
		B0B5FADF1534A90700701B76 /* ServicesViewController.h */ = {isa = PBXFileReference; fileEncoding = 4; lastKnownFileType = sourcecode.c.h; path = ServicesViewController.h; sourceTree = "<group>"; };
		B0B5FAE01534A90700701B76 /* ServicesViewController.m */ = {isa = PBXFileReference; fileEncoding = 4; lastKnownFileType = sourcecode.c.objc; path = ServicesViewController.m; sourceTree = "<group>"; };
		B0B5FAE21534A95E00701B76 /* DevicesViewController.h */ = {isa = PBXFileReference; fileEncoding = 4; lastKnownFileType = sourcecode.c.h; path = DevicesViewController.h; sourceTree = "<group>"; };
		B0B5FAE31534A95E00701B76 /* DevicesViewController.m */ = {isa = PBXFileReference; fileEncoding = 4; lastKnownFileType = sourcecode.c.objc; path = DevicesViewController.m; sourceTree = "<group>"; };
		B0DADADD16545131001C59FA /* characteristics.strings */ = {isa = PBXFileReference; fileEncoding = 4; lastKnownFileType = text.plist.strings; name = characteristics.strings; path = Resources/characteristics.strings; sourceTree = "<group>"; };
		B0DADADE16545131001C59FA /* services.strings */ = {isa = PBXFileReference; fileEncoding = 4; lastKnownFileType = text.plist.strings; name = services.strings; path = Resources/services.strings; sourceTree = "<group>"; };
		B0DADAE616545585001C59FA /* CBService+Description.h */ = {isa = PBXFileReference; fileEncoding = 4; lastKnownFileType = sourcecode.c.h; path = "CBService+Description.h"; sourceTree = "<group>"; };
		B0DADAE716545585001C59FA /* CBService+Description.m */ = {isa = PBXFileReference; fileEncoding = 4; lastKnownFileType = sourcecode.c.objc; path = "CBService+Description.m"; sourceTree = "<group>"; };
		B0DADAF01654594D001C59FA /* CBCharacteristic+Description.h */ = {isa = PBXFileReference; fileEncoding = 4; lastKnownFileType = sourcecode.c.h; path = "CBCharacteristic+Description.h"; sourceTree = "<group>"; };
		B0DADAF11654594D001C59FA /* CBCharacteristic+Description.m */ = {isa = PBXFileReference; fileEncoding = 4; lastKnownFileType = sourcecode.c.objc; path = "CBCharacteristic+Description.m"; sourceTree = "<group>"; };
/* End PBXFileReference section */

/* Begin PBXFrameworksBuildPhase section */
		B0072F3E150912B100C96ADC /* Frameworks */ = {
			isa = PBXFrameworksBuildPhase;
			buildActionMask = 2147483647;
			files = (
				B013711C18ED6C9700F35365 /* Security.framework in Frameworks */,
				B013711A18ED6C9000F35365 /* SystemConfiguration.framework in Frameworks */,
				B0072F63150912CA00C96ADC /* CoreBluetooth.framework in Frameworks */,
				B0072F46150912B100C96ADC /* UIKit.framework in Frameworks */,
				B013711818ED6C2600F35365 /* libFlurry_4.4.0.a in Frameworks */,
				B0072F48150912B100C96ADC /* Foundation.framework in Frameworks */,
				B0072F4A150912B100C96ADC /* CoreGraphics.framework in Frameworks */,
			);
			runOnlyForDeploymentPostprocessing = 0;
		};
/* End PBXFrameworksBuildPhase section */

/* Begin PBXGroup section */
		B0072F36150912B100C96ADC = {
			isa = PBXGroup;
			children = (
				B0F4A54D16D797ED003DF071 /* FlurryAnalytics */,
				B0072F4B150912B100C96ADC /* BTLETest */,
				B0072F44150912B100C96ADC /* Frameworks */,
				B0072F42150912B100C96ADC /* Products */,
			);
			sourceTree = "<group>";
		};
		B0072F42150912B100C96ADC /* Products */ = {
			isa = PBXGroup;
			children = (
				B0072F41150912B100C96ADC /* BTLETools.app */,
			);
			name = Products;
			sourceTree = "<group>";
		};
		B0072F44150912B100C96ADC /* Frameworks */ = {
			isa = PBXGroup;
			children = (
				B013711B18ED6C9700F35365 /* Security.framework */,
				B013711918ED6C9000F35365 /* SystemConfiguration.framework */,
				B0072F62150912CA00C96ADC /* CoreBluetooth.framework */,
				B0072F45150912B100C96ADC /* UIKit.framework */,
				B0072F47150912B100C96ADC /* Foundation.framework */,
				B0072F49150912B100C96ADC /* CoreGraphics.framework */,
			);
			name = Frameworks;
			sourceTree = "<group>";
		};
		B0072F4B150912B100C96ADC /* BTLETest */ = {
			isa = PBXGroup;
			children = (
				B013711318ED6A8700F35365 /* UI */,
				B02F512315553A4100C0F6E1 /* Resources */,
				B0072F4C150912B100C96ADC /* Supporting Files */,
				B0072F54150912B100C96ADC /* AppDelegate.h */,
				B0072F55150912B100C96ADC /* AppDelegate.m */,
				B0B5FADF1534A90700701B76 /* ServicesViewController.h */,
				B0B5FAE01534A90700701B76 /* ServicesViewController.m */,
				B09791F21535698500AAD130 /* CharacteristicViewController.h */,
				B09791F31535698500AAD130 /* CharacteristicViewController.m */,
				B0542A5C1663596F001A7048 /* CharacteristicDelegate.h */,
				B0B5FAE21534A95E00701B76 /* DevicesViewController.h */,
				B0B5FAE31534A95E00701B76 /* DevicesViewController.m */,
				B053F6A11534B46500DD1047 /* DeviceViewController.h */,
				B053F6A21534B46500DD1047 /* DeviceViewController.m */,
				B053F6A71534B90C00DD1047 /* BTLEDevice.h */,
				B053F6A81534B90C00DD1047 /* BTLEDevice.m */,
				B0DADAE616545585001C59FA /* CBService+Description.h */,
				B0DADAE716545585001C59FA /* CBService+Description.m */,
				B0DADAF01654594D001C59FA /* CBCharacteristic+Description.h */,
				B0DADAF11654594D001C59FA /* CBCharacteristic+Description.m */,
				B013712B18EDAF7900F35365 /* BTSplitViewDelegate.h */,
				B013712C18EDAF7900F35365 /* BTSplitViewDelegate.m */,
			);
			path = BTLETest;
			sourceTree = "<group>";
		};
		B0072F4C150912B100C96ADC /* Supporting Files */ = {
			isa = PBXGroup;
			children = (
				B013712F18EDB58C00F35365 /* global.h */,
				B0072F4D150912B100C96ADC /* BTLETools-Info.plist */,
				B0072F4E150912B100C96ADC /* InfoPlist.strings */,
				B0072F51150912B100C96ADC /* main.m */,
				B0072F53150912B100C96ADC /* BTLETools-Prefix.pch */,
			);
			name = "Supporting Files";
			sourceTree = "<group>";
		};
		B013711318ED6A8700F35365 /* UI */ = {
			isa = PBXGroup;
			children = (
				B013711118ED6A8100F35365 /* Main_iPad.storyboard */,
				B013711418ED6A9A00F35365 /* Main.storyboard */,
			);
			name = UI;
			sourceTree = "<group>";
		};
		B02F512315553A4100C0F6E1 /* Resources */ = {
			isa = PBXGroup;
			children = (
				B013712718ED8A5800F35365 /* bt_icon_grey.png */,
				B013712818ED8A5800F35365 /* bt_icon_grey@2x.png */,
				B013712318ED889A00F35365 /* bt_icon.png */,
				B013712418ED889A00F35365 /* bt_icon@2x.png */,
				B013711F18ED719900F35365 /* Images.xcassets */,
				B0DADADD16545131001C59FA /* characteristics.strings */,
				B0DADADE16545131001C59FA /* services.strings */,
			);
			name = Resources;
			sourceTree = "<group>";
		};
		B0F4A54D16D797ED003DF071 /* FlurryAnalytics */ = {
			isa = PBXGroup;
			children = (
				B013711618ED6C2600F35365 /* Flurry.h */,
				B013711718ED6C2600F35365 /* libFlurry_4.4.0.a */,
			);
			path = FlurryAnalytics;
			sourceTree = "<group>";
		};
/* End PBXGroup section */

/* Begin PBXNativeTarget section */
		B0072F40150912B100C96ADC /* BTLETools */ = {
			isa = PBXNativeTarget;
			buildConfigurationList = B0072F5F150912B200C96ADC /* Build configuration list for PBXNativeTarget "BTLETools" */;
			buildPhases = (
				B0072F3D150912B100C96ADC /* Sources */,
				B0072F3E150912B100C96ADC /* Frameworks */,
				B0072F3F150912B100C96ADC /* Resources */,
			);
			buildRules = (
			);
			dependencies = (
			);
			name = BTLETools;
			productName = BTLETest;
			productReference = B0072F41150912B100C96ADC /* BTLETools.app */;
			productType = "com.apple.product-type.application";
		};
/* End PBXNativeTarget section */

/* Begin PBXProject section */
		B0072F38150912B100C96ADC /* Project object */ = {
			isa = PBXProject;
			attributes = {
				LastUpgradeCheck = 0510;
				TargetAttributes = {
					B0072F40150912B100C96ADC = {
						DevelopmentTeam = BSZZ2WXHJP;
						SystemCapabilities = {
							com.apple.BackgroundModes = {
								enabled = 1;
							};
						};
					};
				};
			};
			buildConfigurationList = B0072F3B150912B100C96ADC /* Build configuration list for PBXProject "BTLETools" */;
			compatibilityVersion = "Xcode 3.2";
			developmentRegion = English;
			hasScannedForEncodings = 0;
			knownRegions = (
				en,
			);
			mainGroup = B0072F36150912B100C96ADC;
			productRefGroup = B0072F42150912B100C96ADC /* Products */;
			projectDirPath = "";
			projectRoot = "";
			targets = (
				B0072F40150912B100C96ADC /* BTLETools */,
			);
		};
/* End PBXProject section */

/* Begin PBXResourcesBuildPhase section */
		B0072F3F150912B100C96ADC /* Resources */ = {
			isa = PBXResourcesBuildPhase;
			buildActionMask = 2147483647;
			files = (
				B013712A18ED8A5800F35365 /* bt_icon_grey@2x.png in Resources */,
				B0072F50150912B100C96ADC /* InfoPlist.strings in Resources */,
				B013711218ED6A8100F35365 /* Main_iPad.storyboard in Resources */,
				B013712518ED889A00F35365 /* bt_icon.png in Resources */,
				B0DADADF16545131001C59FA /* characteristics.strings in Resources */,
				B013711518ED6A9A00F35365 /* Main.storyboard in Resources */,
				B013712618ED889A00F35365 /* bt_icon@2x.png in Resources */,
				B0DADAE016545131001C59FA /* services.strings in Resources */,
				B013712018ED719900F35365 /* Images.xcassets in Resources */,
				B013712918ED8A5800F35365 /* bt_icon_grey.png in Resources */,
			);
			runOnlyForDeploymentPostprocessing = 0;
		};
/* End PBXResourcesBuildPhase section */

/* Begin PBXSourcesBuildPhase section */
		B0072F3D150912B100C96ADC /* Sources */ = {
			isa = PBXSourcesBuildPhase;
			buildActionMask = 2147483647;
			files = (
				B0072F52150912B100C96ADC /* main.m in Sources */,
				B0072F56150912B100C96ADC /* AppDelegate.m in Sources */,
				B0B5FAE11534A90700701B76 /* ServicesViewController.m in Sources */,
				B0B5FAE41534A95E00701B76 /* DevicesViewController.m in Sources */,
				B053F6A41534B46500DD1047 /* DeviceViewController.m in Sources */,
				B053F6A91534B90C00DD1047 /* BTLEDevice.m in Sources */,
				B09791F51535698500AAD130 /* CharacteristicViewController.m in Sources */,
				B0DADAE816545585001C59FA /* CBService+Description.m in Sources */,
				B0DADAF21654594D001C59FA /* CBCharacteristic+Description.m in Sources */,
				B013712D18EDAF7900F35365 /* BTSplitViewDelegate.m in Sources */,
			);
			runOnlyForDeploymentPostprocessing = 0;
		};
/* End PBXSourcesBuildPhase section */

/* Begin PBXVariantGroup section */
		B0072F4E150912B100C96ADC /* InfoPlist.strings */ = {
			isa = PBXVariantGroup;
			children = (
				B0072F4F150912B100C96ADC /* en */,
			);
			name = InfoPlist.strings;
			sourceTree = "<group>";
		};
/* End PBXVariantGroup section */

/* Begin XCBuildConfiguration section */
		B0072F5D150912B200C96ADC /* Debug */ = {
			isa = XCBuildConfiguration;
			buildSettings = {
				ALWAYS_SEARCH_USER_PATHS = NO;
				CLANG_WARN_BOOL_CONVERSION = YES;
				CLANG_WARN_CONSTANT_CONVERSION = YES;
				CLANG_WARN_EMPTY_BODY = YES;
				CLANG_WARN_ENUM_CONVERSION = YES;
				CLANG_WARN_INT_CONVERSION = YES;
				CLANG_WARN__DUPLICATE_METHOD_MATCH = YES;
				"CODE_SIGN_IDENTITY[sdk=iphoneos*]" = "iPhone Developer";
				COPY_PHASE_STRIP = NO;
				GCC_C_LANGUAGE_STANDARD = gnu99;
				GCC_DYNAMIC_NO_PIC = NO;
				GCC_OPTIMIZATION_LEVEL = 0;
				GCC_PREPROCESSOR_DEFINITIONS = (
					"DEBUG=1",
					"$(inherited)",
				);
				GCC_SYMBOLS_PRIVATE_EXTERN = NO;
				GCC_VERSION = com.apple.compilers.llvm.clang.1_0;
				GCC_WARN_64_TO_32_BIT_CONVERSION = YES;
				GCC_WARN_ABOUT_MISSING_PROTOTYPES = YES;
				GCC_WARN_ABOUT_RETURN_TYPE = YES;
				GCC_WARN_UNDECLARED_SELECTOR = YES;
				GCC_WARN_UNINITIALIZED_AUTOS = YES;
				GCC_WARN_UNUSED_FUNCTION = YES;
				GCC_WARN_UNUSED_VARIABLE = YES;
				IPHONEOS_DEPLOYMENT_TARGET = 6.0;
				ONLY_ACTIVE_ARCH = YES;
				SDKROOT = iphoneos;
			};
			name = Debug;
		};
		B0072F5E150912B200C96ADC /* Release */ = {
			isa = XCBuildConfiguration;
			buildSettings = {
				ALWAYS_SEARCH_USER_PATHS = NO;
				CLANG_WARN_BOOL_CONVERSION = YES;
				CLANG_WARN_CONSTANT_CONVERSION = YES;
				CLANG_WARN_EMPTY_BODY = YES;
				CLANG_WARN_ENUM_CONVERSION = YES;
				CLANG_WARN_INT_CONVERSION = YES;
				CLANG_WARN__DUPLICATE_METHOD_MATCH = YES;
				"CODE_SIGN_IDENTITY[sdk=iphoneos*]" = "iPhone Developer";
				COPY_PHASE_STRIP = YES;
				GCC_C_LANGUAGE_STANDARD = gnu99;
				GCC_VERSION = com.apple.compilers.llvm.clang.1_0;
				GCC_WARN_64_TO_32_BIT_CONVERSION = YES;
				GCC_WARN_ABOUT_MISSING_PROTOTYPES = YES;
				GCC_WARN_ABOUT_RETURN_TYPE = YES;
				GCC_WARN_UNDECLARED_SELECTOR = YES;
				GCC_WARN_UNINITIALIZED_AUTOS = YES;
				GCC_WARN_UNUSED_FUNCTION = YES;
				GCC_WARN_UNUSED_VARIABLE = YES;
				IPHONEOS_DEPLOYMENT_TARGET = 6.0;
				OTHER_CFLAGS = "-DNS_BLOCK_ASSERTIONS=1";
				SDKROOT = iphoneos;
				VALIDATE_PRODUCT = YES;
			};
			name = Release;
		};
		B0072F60150912B200C96ADC /* Debug */ = {
			isa = XCBuildConfiguration;
			buildSettings = {
				ASSETCATALOG_COMPILER_APPICON_NAME = AppIcon;
				ASSETCATALOG_COMPILER_LAUNCHIMAGE_NAME = LaunchImage;
				CLANG_ENABLE_OBJC_ARC = YES;
				CODE_SIGN_IDENTITY = "iPhone Developer";
				"CODE_SIGN_IDENTITY[sdk=iphoneos*]" = "iPhone Developer";
				GCC_PRECOMPILE_PREFIX_HEADER = YES;
				GCC_PREFIX_HEADER = "BTLETest/BTLETools-Prefix.pch";
				INFOPLIST_FILE = "BTLETest/BTLETools-Info.plist";
				IPHONEOS_DEPLOYMENT_TARGET = 7.0;
				LIBRARY_SEARCH_PATHS = (
					"$(inherited)",
					"\"$(SRCROOT)/FlurryAnalytics\"",
					"$(PROJECT_DIR)/FlurryAnalytics",
				);
				PRODUCT_NAME = BTLETools;
				PROVISIONING_PROFILE = "";
				TARGETED_DEVICE_FAMILY = "1,2";
				WRAPPER_EXTENSION = app;
			};
			name = Debug;
		};
		B0072F61150912B200C96ADC /* Release */ = {
			isa = XCBuildConfiguration;
			buildSettings = {
				ASSETCATALOG_COMPILER_APPICON_NAME = AppIcon;
				ASSETCATALOG_COMPILER_LAUNCHIMAGE_NAME = LaunchImage;
				CLANG_ENABLE_OBJC_ARC = YES;
				CODE_SIGN_IDENTITY = "iPhone Developer";
				"CODE_SIGN_IDENTITY[sdk=iphoneos*]" = "iPhone Developer";
				GCC_PRECOMPILE_PREFIX_HEADER = YES;
				GCC_PREFIX_HEADER = "BTLETest/BTLETools-Prefix.pch";
				INFOPLIST_FILE = "BTLETest/BTLETools-Info.plist";
				IPHONEOS_DEPLOYMENT_TARGET = 7.0;
				LIBRARY_SEARCH_PATHS = (
					"$(inherited)",
					"\"$(SRCROOT)/FlurryAnalytics\"",
					"$(PROJECT_DIR)/FlurryAnalytics",
				);
				PRODUCT_NAME = BTLETools;
				PROVISIONING_PROFILE = "";
				"PROVISIONING_PROFILE[sdk=iphoneos*]" = "C512C382-FD12-434E-8392-EE89A21FEAF1";
				TARGETED_DEVICE_FAMILY = "1,2";
				WRAPPER_EXTENSION = app;
			};
			name = Release;
		};
/* End XCBuildConfiguration section */

/* Begin XCConfigurationList section */
		B0072F3B150912B100C96ADC /* Build configuration list for PBXProject "BTLETools" */ = {
			isa = XCConfigurationList;
			buildConfigurations = (
				B0072F5D150912B200C96ADC /* Debug */,
				B0072F5E150912B200C96ADC /* Release */,
			);
			defaultConfigurationIsVisible = 0;
			defaultConfigurationName = Release;
		};
		B0072F5F150912B200C96ADC /* Build configuration list for PBXNativeTarget "BTLETools" */ = {
			isa = XCConfigurationList;
			buildConfigurations = (
				B0072F60150912B200C96ADC /* Debug */,
				B0072F61150912B200C96ADC /* Release */,
			);
			defaultConfigurationIsVisible = 0;
			defaultConfigurationName = Release;
		};
/* End XCConfigurationList section */
	};
	rootObject = B0072F38150912B100C96ADC /* Project object */;
}
